
Microsoft Visual Studio Solution File, Format Version 12.00
# Visual Studio 2012
Project("{FAE04EC0-301F-11D3-BF4B-00C04F79EFBC}") = "Arrays3", "Arrays3\Arrays3.csproj", "{8B6CC869-1DF5-4FC2-B0DC-BBD7BB0B8D87}"
EndProject
Project("{FAE04EC0-301F-11D3-BF4B-00C04F79EFBC}") = "SortingArrays", "SortingArrays\SortingArrays.csproj", "{C4D5ED0C-B76A-4044-B02C-43731F0FB64F}"
EndProject
Global
	GlobalSection(SolutionConfigurationPlatforms) = preSolution
		Debug|Any CPU = Debug|Any CPU
		Release|Any CPU = Release|Any CPU
	EndGlobalSection
	GlobalSection(ProjectConfigurationPlatforms) = postSolution
		{8B6CC869-1DF5-4FC2-B0DC-BBD7BB0B8D87}.Debug|Any CPU.ActiveCfg = Debug|Any CPU
		{8B6CC869-1DF5-4FC2-B0DC-BBD7BB0B8D87}.Debug|Any CPU.Build.0 = Debug|Any CPU
		{8B6CC869-1DF5-4FC2-B0DC-BBD7BB0B8D87}.Release|Any CPU.ActiveCfg = Release|Any CPU
		{8B6CC869-1DF5-4FC2-B0DC-BBD7BB0B8D87}.Release|Any CPU.Build.0 = Release|Any CPU
		{C4D5ED0C-B76A-4044-B02C-43731F0FB64F}.Debug|Any CPU.ActiveCfg = Debug|Any CPU
		{C4D5ED0C-B76A-4044-B02C-43731F0FB64F}.Debug|Any CPU.Build.0 = Debug|Any CPU
		{C4D5ED0C-B76A-4044-B02C-43731F0FB64F}.Release|Any CPU.ActiveCfg = Release|Any CPU
		{C4D5ED0C-B76A-4044-B02C-43731F0FB64F}.Release|Any CPU.Build.0 = Release|Any CPU
	EndGlobalSection
	GlobalSection(SolutionProperties) = preSolution
		HideSolutionNode = FALSE
	EndGlobalSection
EndGlobal
